
Microsoft Visual Studio Solution File, Format Version 12.00
# Visual Studio 15
VisualStudioVersion = 15.0.27703.2042
MinimumVisualStudioVersion = 10.0.40219.1
Project("{FAE04EC0-301F-11D3-BF4B-00C04F79EFBC}") = "SpreetailBudget", "SpreetailBudget\SpreetailBudget.csproj", "{613D67DC-3230-4972-9E4E-3E852D7F4CCE}"
EndProject
Global
	GlobalSection(SolutionConfigurationPlatforms) = preSolution
		Debug|Any CPU = Debug|Any CPU
		Release|Any CPU = Release|Any CPU
	EndGlobalSection
	GlobalSection(ProjectConfigurationPlatforms) = postSolution
		{613D67DC-3230-4972-9E4E-3E852D7F4CCE}.Debug|Any CPU.ActiveCfg = Debug|Any CPU
		{613D67DC-3230-4972-9E4E-3E852D7F4CCE}.Debug|Any CPU.Build.0 = Debug|Any CPU
		{613D67DC-3230-4972-9E4E-3E852D7F4CCE}.Release|Any CPU.ActiveCfg = Release|Any CPU
		{613D67DC-3230-4972-9E4E-3E852D7F4CCE}.Release|Any CPU.Build.0 = Release|Any CPU
	EndGlobalSection
	GlobalSection(SolutionProperties) = preSolution
		HideSolutionNode = FALSE
	EndGlobalSection
	GlobalSection(ExtensibilityGlobals) = postSolution
		SolutionGuid = {2292C7E2-D6E0-489B-BB29-29446158E7F4}
	EndGlobalSection
EndGlobal
